// !$*UTF8*$!
{
	archiveVersion = 1;
	classes = {
	};
	objectVersion = 46;
	objects = {

/* Begin PBXBuildFile section */
		4D7C73801D46FD9A005A25D4 /* DrawView.m in Sources */ = {isa = PBXBuildFile; fileRef = 4D7C737F1D46FD9A005A25D4 /* DrawView.m */; };
		4D7C73831D47035E005A25D4 /* DrawPath.m in Sources */ = {isa = PBXBuildFile; fileRef = 4D7C73821D47035E005A25D4 /* DrawPath.m */; };
		4D7C73861D4737BC005A25D4 /* ImageHandleView.m in Sources */ = {isa = PBXBuildFile; fileRef = 4D7C73851D4737BC005A25D4 /* ImageHandleView.m */; };
		4DF6E66E1D460FB900B66D24 /* main.m in Sources */ = {isa = PBXBuildFile; fileRef = 4DF6E66D1D460FB900B66D24 /* main.m */; };
		4DF6E6711D460FB900B66D24 /* AppDelegate.m in Sources */ = {isa = PBXBuildFile; fileRef = 4DF6E6701D460FB900B66D24 /* AppDelegate.m */; };
		4DF6E6741D460FB900B66D24 /* ViewController.m in Sources */ = {isa = PBXBuildFile; fileRef = 4DF6E6731D460FB900B66D24 /* ViewController.m */; };
		4DF6E6771D460FB900B66D24 /* Main.storyboard in Resources */ = {isa = PBXBuildFile; fileRef = 4DF6E6751D460FB900B66D24 /* Main.storyboard */; };
		4DF6E6791D460FB900B66D24 /* Assets.xcassets in Resources */ = {isa = PBXBuildFile; fileRef = 4DF6E6781D460FB900B66D24 /* Assets.xcassets */; };
		4DF6E67C1D460FB900B66D24 /* LaunchScreen.storyboard in Resources */ = {isa = PBXBuildFile; fileRef = 4DF6E67A1D460FB900B66D24 /* LaunchScreen.storyboard */; };
/* End PBXBuildFile section */

/* Begin PBXFileReference section */
		4D7C737E1D46FD9A005A25D4 /* DrawView.h */ = {isa = PBXFileReference; fileEncoding = 4; lastKnownFileType = sourcecode.c.h; path = DrawView.h; sourceTree = "<group>"; };
		4D7C737F1D46FD9A005A25D4 /* DrawView.m */ = {isa = PBXFileReference; fileEncoding = 4; lastKnownFileType = sourcecode.c.objc; path = DrawView.m; sourceTree = "<group>"; };
		4D7C73811D47035E005A25D4 /* DrawPath.h */ = {isa = PBXFileReference; fileEncoding = 4; lastKnownFileType = sourcecode.c.h; path = DrawPath.h; sourceTree = "<group>"; };
		4D7C73821D47035E005A25D4 /* DrawPath.m */ = {isa = PBXFileReference; fileEncoding = 4; lastKnownFileType = sourcecode.c.objc; path = DrawPath.m; sourceTree = "<group>"; };
		4D7C73841D4737BC005A25D4 /* ImageHandleView.h */ = {isa = PBXFileReference; fileEncoding = 4; lastKnownFileType = sourcecode.c.h; path = ImageHandleView.h; sourceTree = "<group>"; };
		4D7C73851D4737BC005A25D4 /* ImageHandleView.m */ = {isa = PBXFileReference; fileEncoding = 4; lastKnownFileType = sourcecode.c.objc; path = ImageHandleView.m; sourceTree = "<group>"; };
		4DF6E6691D460FB900B66D24 /* 画板.app */ = {isa = PBXFileReference; explicitFileType = wrapper.application; includeInIndex = 0; path = "画板.app"; sourceTree = BUILT_PRODUCTS_DIR; };
		4DF6E66D1D460FB900B66D24 /* main.m */ = {isa = PBXFileReference; lastKnownFileType = sourcecode.c.objc; path = main.m; sourceTree = "<group>"; };
		4DF6E66F1D460FB900B66D24 /* AppDelegate.h */ = {isa = PBXFileReference; lastKnownFileType = sourcecode.c.h; path = AppDelegate.h; sourceTree = "<group>"; };
		4DF6E6701D460FB900B66D24 /* AppDelegate.m */ = {isa = PBXFileReference; lastKnownFileType = sourcecode.c.objc; path = AppDelegate.m; sourceTree = "<group>"; };
		4DF6E6721D460FB900B66D24 /* ViewController.h */ = {isa = PBXFileReference; lastKnownFileType = sourcecode.c.h; path = ViewController.h; sourceTree = "<group>"; };
		4DF6E6731D460FB900B66D24 /* ViewController.m */ = {isa = PBXFileReference; lastKnownFileType = sourcecode.c.objc; path = ViewController.m; sourceTree = "<group>"; };
		4DF6E6761D460FB900B66D24 /* Base */ = {isa = PBXFileReference; lastKnownFileType = file.storyboard; name = Base; path = Base.lproj/Main.storyboard; sourceTree = "<group>"; };
		4DF6E6781D460FB900B66D24 /* Assets.xcassets */ = {isa = PBXFileReference; lastKnownFileType = folder.assetcatalog; path = Assets.xcassets; sourceTree = "<group>"; };
		4DF6E67B1D460FB900B66D24 /* Base */ = {isa = PBXFileReference; lastKnownFileType = file.storyboard; name = Base; path = Base.lproj/LaunchScreen.storyboard; sourceTree = "<group>"; };
		4DF6E67D1D460FB900B66D24 /* Info.plist */ = {isa = PBXFileReference; lastKnownFileType = text.plist.xml; path = Info.plist; sourceTree = "<group>"; };
/* End PBXFileReference section */

/* Begin PBXFrameworksBuildPhase section */
		4DF6E6661D460FB900B66D24 /* Frameworks */ = {
			isa = PBXFrameworksBuildPhase;
			buildActionMask = 2147483647;
			files = (
			);
			runOnlyForDeploymentPostprocessing = 0;
		};
/* End PBXFrameworksBuildPhase section */

/* Begin PBXGroup section */
		4DF6E6601D460FB900B66D24 = {
			isa = PBXGroup;
			children = (
				4DF6E66B1D460FB900B66D24 /* 画板 */,
				4DF6E66A1D460FB900B66D24 /* Products */,
			);
			sourceTree = "<group>";
		};
		4DF6E66A1D460FB900B66D24 /* Products */ = {
			isa = PBXGroup;
			children = (
				4DF6E6691D460FB900B66D24 /* 画板.app */,
			);
			name = Products;
			sourceTree = "<group>";
		};
		4DF6E66B1D460FB900B66D24 /* 画板 */ = {
			isa = PBXGroup;
			children = (
				4DF6E66F1D460FB900B66D24 /* AppDelegate.h */,
				4DF6E6701D460FB900B66D24 /* AppDelegate.m */,
				4DF6E6721D460FB900B66D24 /* ViewController.h */,
				4DF6E6731D460FB900B66D24 /* ViewController.m */,
				4D7C73841D4737BC005A25D4 /* ImageHandleView.h */,
				4D7C73851D4737BC005A25D4 /* ImageHandleView.m */,
				4D7C737E1D46FD9A005A25D4 /* DrawView.h */,
				4D7C737F1D46FD9A005A25D4 /* DrawView.m */,
				4D7C73811D47035E005A25D4 /* DrawPath.h */,
				4D7C73821D47035E005A25D4 /* DrawPath.m */,
				4DF6E6751D460FB900B66D24 /* Main.storyboard */,
				4DF6E6781D460FB900B66D24 /* Assets.xcassets */,
				4DF6E67A1D460FB900B66D24 /* LaunchScreen.storyboard */,
				4DF6E67D1D460FB900B66D24 /* Info.plist */,
				4DF6E66C1D460FB900B66D24 /* Supporting Files */,
			);
			path = "画板";
			sourceTree = "<group>";
		};
		4DF6E66C1D460FB900B66D24 /* Supporting Files */ = {
			isa = PBXGroup;
			children = (
				4DF6E66D1D460FB900B66D24 /* main.m */,
			);
			name = "Supporting Files";
			sourceTree = "<group>";
		};
/* End PBXGroup section */

/* Begin PBXNativeTarget section */
		4DF6E6681D460FB900B66D24 /* 画板 */ = {
			isa = PBXNativeTarget;
			buildConfigurationList = 4DF6E6801D460FB900B66D24 /* Build configuration list for PBXNativeTarget "画板" */;
			buildPhases = (
				4DF6E6651D460FB900B66D24 /* Sources */,
				4DF6E6661D460FB900B66D24 /* Frameworks */,
				4DF6E6671D460FB900B66D24 /* Resources */,
			);
			buildRules = (
			);
			dependencies = (
			);
			name = "画板";
			productName = "画板";
			productReference = 4DF6E6691D460FB900B66D24 /* 画板.app */;
			productType = "com.apple.product-type.application";
		};
/* End PBXNativeTarget section */

/* Begin PBXProject section */
		4DF6E6611D460FB900B66D24 /* Project object */ = {
			isa = PBXProject;
			attributes = {
				LastUpgradeCheck = 0720;
				ORGANIZATIONNAME = niuwan;
				TargetAttributes = {
					4DF6E6681D460FB900B66D24 = {
						CreatedOnToolsVersion = 7.2.1;
					};
				};
			};
			buildConfigurationList = 4DF6E6641D460FB900B66D24 /* Build configuration list for PBXProject "画板" */;
			compatibilityVersion = "Xcode 3.2";
			developmentRegion = English;
			hasScannedForEncodings = 0;
			knownRegions = (
				en,
				Base,
			);
			mainGroup = 4DF6E6601D460FB900B66D24;
			productRefGroup = 4DF6E66A1D460FB900B66D24 /* Products */;
			projectDirPath = "";
			projectRoot = "";
			targets = (
				4DF6E6681D460FB900B66D24 /* 画板 */,
			);
		};
/* End PBXProject section */

/* Begin PBXResourcesBuildPhase section */
		4DF6E6671D460FB900B66D24 /* Resources */ = {
			isa = PBXResourcesBuildPhase;
			buildActionMask = 2147483647;
			files = (
				4DF6E67C1D460FB900B66D24 /* LaunchScreen.storyboard in Resources */,
				4DF6E6791D460FB900B66D24 /* Assets.xcassets in Resources */,
				4DF6E6771D460FB900B66D24 /* Main.storyboard in Resources */,
			);
			runOnlyForDeploymentPostprocessing = 0;
		};
/* End PBXResourcesBuildPhase section */

/* Begin PBXSourcesBuildPhase section */
		4DF6E6651D460FB900B66D24 /* Sources */ = {
			isa = PBXSourcesBuildPhase;
			buildActionMask = 2147483647;
			files = (
				4DF6E6741D460FB900B66D24 /* ViewController.m in Sources */,
				4DF6E6711D460FB900B66D24 /* AppDelegate.m in Sources */,
				4D7C73801D46FD9A005A25D4 /* DrawView.m in Sources */,
				4DF6E66E1D460FB900B66D24 /* main.m in Sources */,
				4D7C73861D4737BC005A25D4 /* ImageHandleView.m in Sources */,
				4D7C73831D47035E005A25D4 /* DrawPath.m in Sources */,
			);
			runOnlyForDeploymentPostprocessing = 0;
		};
/* End PBXSourcesBuildPhase section */

/* Begin PBXVariantGroup section */
		4DF6E6751D460FB900B66D24 /* Main.storyboard */ = {
			isa = PBXVariantGroup;
			children = (
				4DF6E6761D460FB900B66D24 /* Base */,
			);
			name = Main.storyboard;
			sourceTree = "<group>";
		};
		4DF6E67A1D460FB900B66D24 /* LaunchScreen.storyboard */ = {
			isa = PBXVariantGroup;
			children = (
				4DF6E67B1D460FB900B66D24 /* Base */,
			);
			name = LaunchScreen.storyboard;
			sourceTree = "<group>";
		};
/* End PBXVariantGroup section */

/* Begin XCBuildConfiguration section */
		4DF6E67E1D460FB900B66D24 /* Debug */ = {
			isa = XCBuildConfiguration;
			buildSettings = {
				ALWAYS_SEARCH_USER_PATHS = NO;
				CLANG_CXX_LANGUAGE_STANDARD = "gnu++0x";
				CLANG_CXX_LIBRARY = "libc++";
				CLANG_ENABLE_MODULES = YES;
				CLANG_ENABLE_OBJC_ARC = YES;
				CLANG_WARN_BOOL_CONVERSION = YES;
				CLANG_WARN_CONSTANT_CONVERSION = YES;
				CLANG_WARN_DIRECT_OBJC_ISA_USAGE = YES_ERROR;
				CLANG_WARN_EMPTY_BODY = YES;
				CLANG_WARN_ENUM_CONVERSION = YES;
				CLANG_WARN_INT_CONVERSION = YES;
				CLANG_WARN_OBJC_ROOT_CLASS = YES_ERROR;
				CLANG_WARN_UNREACHABLE_CODE = YES;
				CLANG_WARN__DUPLICATE_METHOD_MATCH = YES;
				"CODE_SIGN_IDENTITY[sdk=iphoneos*]" = "iPhone Developer";
				COPY_PHASE_STRIP = NO;
				DEBUG_INFORMATION_FORMAT = dwarf;
				ENABLE_STRICT_OBJC_MSGSEND = YES;
				ENABLE_TESTABILITY = YES;
				GCC_C_LANGUAGE_STANDARD = gnu99;
				GCC_DYNAMIC_NO_PIC = NO;
				GCC_NO_COMMON_BLOCKS = YES;
				GCC_OPTIMIZATION_LEVEL = 0;
				GCC_PREPROCESSOR_DEFINITIONS = (
					"DEBUG=1",
					"$(inherited)",
				);
				GCC_WARN_64_TO_32_BIT_CONVERSION = YES;
				GCC_WARN_ABOUT_RETURN_TYPE = YES_ERROR;
				GCC_WARN_UNDECLARED_SELECTOR = YES;
				GCC_WARN_UNINITIALIZED_AUTOS = YES_AGGRESSIVE;
				GCC_WARN_UNUSED_FUNCTION = YES;
				GCC_WARN_UNUSED_VARIABLE = YES;
				IPHONEOS_DEPLOYMENT_TARGET = 9.2;
				MTL_ENABLE_DEBUG_INFO = YES;
				ONLY_ACTIVE_ARCH = YES;
				SDKROOT = iphoneos;
			};
			name = Debug;
		};
		4DF6E67F1D460FB900B66D24 /* Release */ = {
			isa = XCBuildConfiguration;
			buildSettings = {
				ALWAYS_SEARCH_USER_PATHS = NO;
				CLANG_CXX_LANGUAGE_STANDARD = "gnu++0x";
				CLANG_CXX_LIBRARY = "libc++";
				CLANG_ENABLE_MODULES = YES;
				CLANG_ENABLE_OBJC_ARC = YES;
				CLANG_WARN_BOOL_CONVERSION = YES;
				CLANG_WARN_CONSTANT_CONVERSION = YES;
				CLANG_WARN_DIRECT_OBJC_ISA_USAGE = YES_ERROR;
				CLANG_WARN_EMPTY_BODY = YES;
				CLANG_WARN_ENUM_CONVERSION = YES;
				CLANG_WARN_INT_CONVERSION = YES;
				CLANG_WARN_OBJC_ROOT_CLASS = YES_ERROR;
				CLANG_WARN_UNREACHABLE_CODE = YES;
				CLANG_WARN__DUPLICATE_METHOD_MATCH = YES;
				"CODE_SIGN_IDENTITY[sdk=iphoneos*]" = "iPhone Developer";
				COPY_PHASE_STRIP = NO;
				DEBUG_INFORMATION_FORMAT = "dwarf-with-dsym";
				ENABLE_NS_ASSERTIONS = NO;
				ENABLE_STRICT_OBJC_MSGSEND = YES;
				GCC_C_LANGUAGE_STANDARD = gnu99;
				GCC_NO_COMMON_BLOCKS = YES;
				GCC_WARN_64_TO_32_BIT_CONVERSION = YES;
				GCC_WARN_ABOUT_RETURN_TYPE = YES_ERROR;
				GCC_WARN_UNDECLARED_SELECTOR = YES;
				GCC_WARN_UNINITIALIZED_AUTOS = YES_AGGRESSIVE;
				GCC_WARN_UNUSED_FUNCTION = YES;
				GCC_WARN_UNUSED_VARIABLE = YES;
				IPHONEOS_DEPLOYMENT_TARGET = 9.2;
				MTL_ENABLE_DEBUG_INFO = NO;
				SDKROOT = iphoneos;
				VALIDATE_PRODUCT = YES;
			};
			name = Release;
		};
		4DF6E6811D460FB900B66D24 /* Debug */ = {
			isa = XCBuildConfiguration;
			buildSettings = {
				ASSETCATALOG_COMPILER_APPICON_NAME = AppIcon;
				INFOPLIST_FILE = "画板/Info.plist";
				LD_RUNPATH_SEARCH_PATHS = "$(inherited) @executable_path/Frameworks";
				PRODUCT_BUNDLE_IDENTIFIER = "xuanse.--";
				PRODUCT_NAME = "$(TARGET_NAME)";
			};
			name = Debug;
		};
		4DF6E6821D460FB900B66D24 /* Release */ = {
			isa = XCBuildConfiguration;
			buildSettings = {
				ASSETCATALOG_COMPILER_APPICON_NAME = AppIcon;
				INFOPLIST_FILE = "画板/Info.plist";
				LD_RUNPATH_SEARCH_PATHS = "$(inherited) @executable_path/Frameworks";
				PRODUCT_BUNDLE_IDENTIFIER = "xuanse.--";
				PRODUCT_NAME = "$(TARGET_NAME)";
			};
			name = Release;
		};
/* End XCBuildConfiguration section */

/* Begin XCConfigurationList section */
		4DF6E6641D460FB900B66D24 /* Build configuration list for PBXProject "画板" */ = {
			isa = XCConfigurationList;
			buildConfigurations = (
				4DF6E67E1D460FB900B66D24 /* Debug */,
				4DF6E67F1D460FB900B66D24 /* Release */,
			);
			defaultConfigurationIsVisible = 0;
			defaultConfigurationName = Release;
		};
		4DF6E6801D460FB900B66D24 /* Build configuration list for PBXNativeTarget "画板" */ = {
			isa = XCConfigurationList;
			buildConfigurations = (
				4DF6E6811D460FB900B66D24 /* Debug */,
				4DF6E6821D460FB900B66D24 /* Release */,
			);
			defaultConfigurationIsVisible = 0;
			defaultConfigurationName = Release;
		};
/* End XCConfigurationList section */
	};
	rootObject = 4DF6E6611D460FB900B66D24 /* Project object */;
}
